// !$*UTF8*$!
{
	archiveVersion = 1;
	classes = {
	};
	objectVersion = 50;
	objects = {

/* Begin PBXBuildFile section */
		D913F18621AB67E900B76B06 /* UserDefaults+Codable.swift in Sources */ = {isa = PBXBuildFile; fileRef = D913F18521AB67E900B76B06 /* UserDefaults+Codable.swift */; };
		D913F18721AB67E900B76B06 /* UserDefaults+Codable.swift in Sources */ = {isa = PBXBuildFile; fileRef = D913F18521AB67E900B76B06 /* UserDefaults+Codable.swift */; };
		D913F18921ABD6AD00B76B06 /* UserDefaults+CodableTests.swift in Sources */ = {isa = PBXBuildFile; fileRef = D913F18821ABD6AD00B76B06 /* UserDefaults+CodableTests.swift */; };
		D913F18A21ABD6AD00B76B06 /* UserDefaults+CodableTests.swift in Sources */ = {isa = PBXBuildFile; fileRef = D913F18821ABD6AD00B76B06 /* UserDefaults+CodableTests.swift */; };
		D9228B1E21F527980063E8E3 /* NSUbiquitousKeyValueStore+Codable.swift in Sources */ = {isa = PBXBuildFile; fileRef = D9228B1D21F527980063E8E3 /* NSUbiquitousKeyValueStore+Codable.swift */; };
		D9228B1F21F527980063E8E3 /* NSUbiquitousKeyValueStore+Codable.swift in Sources */ = {isa = PBXBuildFile; fileRef = D9228B1D21F527980063E8E3 /* NSUbiquitousKeyValueStore+Codable.swift */; };
		D9228B2321F527F40063E8E3 /* NSUbiquitousKeyValueStore+CodableTests.swift in Sources */ = {isa = PBXBuildFile; fileRef = D9228B2021F527A60063E8E3 /* NSUbiquitousKeyValueStore+CodableTests.swift */; };
		D9228B2421F527F50063E8E3 /* NSUbiquitousKeyValueStore+CodableTests.swift in Sources */ = {isa = PBXBuildFile; fileRef = D9228B2021F527A60063E8E3 /* NSUbiquitousKeyValueStore+CodableTests.swift */; };
		D9746B452222B012008F1FC6 /* Dictionary+Extension.swift in Sources */ = {isa = PBXBuildFile; fileRef = D9746B442222B012008F1FC6 /* Dictionary+Extension.swift */; };
		D9746B462222B012008F1FC6 /* Dictionary+Extension.swift in Sources */ = {isa = PBXBuildFile; fileRef = D9746B442222B012008F1FC6 /* Dictionary+Extension.swift */; };
		D9746B4A2222B2E3008F1FC6 /* Dictionary+ExtensionTests.swift in Sources */ = {isa = PBXBuildFile; fileRef = D9746B472222B28F008F1FC6 /* Dictionary+ExtensionTests.swift */; };
		D9746B4B2222B2E3008F1FC6 /* Dictionary+ExtensionTests.swift in Sources */ = {isa = PBXBuildFile; fileRef = D9746B472222B28F008F1FC6 /* Dictionary+ExtensionTests.swift */; };
		D98C49A5218A497D0035E516 /* DictionaryDecoder.framework in Frameworks */ = {isa = PBXBuildFile; fileRef = D98C499B218A497D0035E516 /* DictionaryDecoder.framework */; };
		D98C49AC218A497D0035E516 /* DictionaryDecoder.h in Headers */ = {isa = PBXBuildFile; fileRef = D98C499E218A497D0035E516 /* DictionaryDecoder.h */; settings = {ATTRIBUTES = (Public, ); }; };
		D98C49B7218A49C50035E516 /* DictionaryDecoder.swift in Sources */ = {isa = PBXBuildFile; fileRef = D98C49B5218A49C50035E516 /* DictionaryDecoder.swift */; };
		D98C49B8218A49C50035E516 /* DictionaryEncoder.swift in Sources */ = {isa = PBXBuildFile; fileRef = D98C49B6218A49C50035E516 /* DictionaryEncoder.swift */; };
		D98C49BB218A49E20035E516 /* DictionaryDecoderTests.swift in Sources */ = {isa = PBXBuildFile; fileRef = D98C49B9218A49E20035E516 /* DictionaryDecoderTests.swift */; };
		D98C49BC218A49E20035E516 /* DictionaryEncoderTests.swift in Sources */ = {isa = PBXBuildFile; fileRef = D98C49BA218A49E20035E516 /* DictionaryEncoderTests.swift */; };
		D9B19681219ACB5500B13AC3 /* DictionaryDecoder.framework in Frameworks */ = {isa = PBXBuildFile; fileRef = D9B19678219ACB5500B13AC3 /* DictionaryDecoder.framework */; };
		D9B1968F219ACB5C00B13AC3 /* DictionaryDecoder.swift in Sources */ = {isa = PBXBuildFile; fileRef = D98C49B5218A49C50035E516 /* DictionaryDecoder.swift */; };
		D9B19690219ACB5C00B13AC3 /* DictionaryEncoder.swift in Sources */ = {isa = PBXBuildFile; fileRef = D98C49B6218A49C50035E516 /* DictionaryEncoder.swift */; };
		D9B19691219ACD1E00B13AC3 /* DictionaryDecoderTests.swift in Sources */ = {isa = PBXBuildFile; fileRef = D98C49B9218A49E20035E516 /* DictionaryDecoderTests.swift */; };
		D9B19692219ACD1E00B13AC3 /* DictionaryEncoderTests.swift in Sources */ = {isa = PBXBuildFile; fileRef = D98C49BA218A49E20035E516 /* DictionaryEncoderTests.swift */; };
		D9B19693219ACDE200B13AC3 /* DictionaryDecoder.h in Headers */ = {isa = PBXBuildFile; fileRef = D98C499E218A497D0035E516 /* DictionaryDecoder.h */; settings = {ATTRIBUTES = (Public, ); }; };
/* End PBXBuildFile section */

/* Begin PBXContainerItemProxy section */
		D98C49A6218A497D0035E516 /* PBXContainerItemProxy */ = {
			isa = PBXContainerItemProxy;
			containerPortal = D98C4992218A497D0035E516 /* Project object */;
			proxyType = 1;
			remoteGlobalIDString = D98C499A218A497D0035E516;
			remoteInfo = DictionaryDecoder;
		};
		D9B19682219ACB5500B13AC3 /* PBXContainerItemProxy */ = {
			isa = PBXContainerItemProxy;
			containerPortal = D98C4992218A497D0035E516 /* Project object */;
			proxyType = 1;
			remoteGlobalIDString = D9B19677219ACB5500B13AC3;
			remoteInfo = "DictionaryDecoder-macOS";
		};
/* End PBXContainerItemProxy section */

/* Begin PBXFileReference section */
		D908D8CD21F14B5100835102 /* LICENSE */ = {isa = PBXFileReference; lastKnownFileType = text; path = LICENSE; sourceTree = "<group>"; };
		D908D8CE21F14D0B00835102 /* DictionaryDecoder.podspec.json */ = {isa = PBXFileReference; lastKnownFileType = text.json; path = DictionaryDecoder.podspec.json; sourceTree = "<group>"; };
		D908D8CF21F14F6700835102 /* README.md */ = {isa = PBXFileReference; lastKnownFileType = net.daringfireball.markdown; path = README.md; sourceTree = "<group>"; };
		D913F18521AB67E900B76B06 /* UserDefaults+Codable.swift */ = {isa = PBXFileReference; lastKnownFileType = sourcecode.swift; path = "UserDefaults+Codable.swift"; sourceTree = "<group>"; };
		D913F18821ABD6AD00B76B06 /* UserDefaults+CodableTests.swift */ = {isa = PBXFileReference; lastKnownFileType = sourcecode.swift; path = "UserDefaults+CodableTests.swift"; sourceTree = "<group>"; };
		D9228B1D21F527980063E8E3 /* NSUbiquitousKeyValueStore+Codable.swift */ = {isa = PBXFileReference; fileEncoding = 4; lastKnownFileType = sourcecode.swift; path = "NSUbiquitousKeyValueStore+Codable.swift"; sourceTree = "<group>"; };
		D9228B2021F527A60063E8E3 /* NSUbiquitousKeyValueStore+CodableTests.swift */ = {isa = PBXFileReference; fileEncoding = 4; lastKnownFileType = sourcecode.swift; path = "NSUbiquitousKeyValueStore+CodableTests.swift"; sourceTree = "<group>"; };
		D9746B442222B012008F1FC6 /* Dictionary+Extension.swift */ = {isa = PBXFileReference; lastKnownFileType = sourcecode.swift; path = "Dictionary+Extension.swift"; sourceTree = "<group>"; };
		D9746B472222B28F008F1FC6 /* Dictionary+ExtensionTests.swift */ = {isa = PBXFileReference; lastKnownFileType = sourcecode.swift; path = "Dictionary+ExtensionTests.swift"; sourceTree = "<group>"; };
		D98C499B218A497D0035E516 /* DictionaryDecoder.framework */ = {isa = PBXFileReference; explicitFileType = wrapper.framework; includeInIndex = 0; path = DictionaryDecoder.framework; sourceTree = BUILT_PRODUCTS_DIR; };
		D98C499E218A497D0035E516 /* DictionaryDecoder.h */ = {isa = PBXFileReference; lastKnownFileType = sourcecode.c.h; path = DictionaryDecoder.h; sourceTree = "<group>"; };
		D98C499F218A497D0035E516 /* Info.plist */ = {isa = PBXFileReference; lastKnownFileType = text.plist.xml; path = Info.plist; sourceTree = "<group>"; };
		D98C49A4218A497D0035E516 /* DictionaryDecoderTests.xctest */ = {isa = PBXFileReference; explicitFileType = wrapper.cfbundle; includeInIndex = 0; path = DictionaryDecoderTests.xctest; sourceTree = BUILT_PRODUCTS_DIR; };
		D98C49AB218A497D0035E516 /* Info.plist */ = {isa = PBXFileReference; lastKnownFileType = text.plist.xml; path = Info.plist; sourceTree = "<group>"; };
		D98C49B5218A49C50035E516 /* DictionaryDecoder.swift */ = {isa = PBXFileReference; fileEncoding = 4; lastKnownFileType = sourcecode.swift; path = DictionaryDecoder.swift; sourceTree = "<group>"; };
		D98C49B6218A49C50035E516 /* DictionaryEncoder.swift */ = {isa = PBXFileReference; fileEncoding = 4; lastKnownFileType = sourcecode.swift; path = DictionaryEncoder.swift; sourceTree = "<group>"; };
		D98C49B9218A49E20035E516 /* DictionaryDecoderTests.swift */ = {isa = PBXFileReference; fileEncoding = 4; lastKnownFileType = sourcecode.swift; path = DictionaryDecoderTests.swift; sourceTree = "<group>"; };
		D98C49BA218A49E20035E516 /* DictionaryEncoderTests.swift */ = {isa = PBXFileReference; fileEncoding = 4; lastKnownFileType = sourcecode.swift; path = DictionaryEncoderTests.swift; sourceTree = "<group>"; };
		D9B19678219ACB5500B13AC3 /* DictionaryDecoder.framework */ = {isa = PBXFileReference; explicitFileType = wrapper.framework; includeInIndex = 0; path = DictionaryDecoder.framework; sourceTree = BUILT_PRODUCTS_DIR; };
		D9B19680219ACB5500B13AC3 /* DictionaryDecoderTests.xctest */ = {isa = PBXFileReference; explicitFileType = wrapper.cfbundle; includeInIndex = 0; path = DictionaryDecoderTests.xctest; sourceTree = BUILT_PRODUCTS_DIR; };
/* End PBXFileReference section */

/* Begin PBXFrameworksBuildPhase section */
		D98C4998218A497D0035E516 /* Frameworks */ = {
			isa = PBXFrameworksBuildPhase;
			buildActionMask = 2147483647;
			files = (
			);
			runOnlyForDeploymentPostprocessing = 0;
		};
		D98C49A1218A497D0035E516 /* Frameworks */ = {
			isa = PBXFrameworksBuildPhase;
			buildActionMask = 2147483647;
			files = (
				D98C49A5218A497D0035E516 /* DictionaryDecoder.framework in Frameworks */,
			);
			runOnlyForDeploymentPostprocessing = 0;
		};
		D9B19675219ACB5500B13AC3 /* Frameworks */ = {
			isa = PBXFrameworksBuildPhase;
			buildActionMask = 2147483647;
			files = (
			);
			runOnlyForDeploymentPostprocessing = 0;
		};
		D9B1967D219ACB5500B13AC3 /* Frameworks */ = {
			isa = PBXFrameworksBuildPhase;
			buildActionMask = 2147483647;
			files = (
				D9B19681219ACB5500B13AC3 /* DictionaryDecoder.framework in Frameworks */,
			);
			runOnlyForDeploymentPostprocessing = 0;
		};
/* End PBXFrameworksBuildPhase section */

/* Begin PBXGroup section */
		D98C4991218A497D0035E516 = {
			isa = PBXGroup;
			children = (
				D908D8CE21F14D0B00835102 /* DictionaryDecoder.podspec.json */,
				D908D8CD21F14B5100835102 /* LICENSE */,
				D908D8CF21F14F6700835102 /* README.md */,
				D98C499D218A497D0035E516 /* DictionaryDecoder */,
				D98C49A8218A497D0035E516 /* DictionaryDecoderTests */,
				D98C499C218A497D0035E516 /* Products */,
			);
			sourceTree = "<group>";
		};
		D98C499C218A497D0035E516 /* Products */ = {
			isa = PBXGroup;
			children = (
				D98C499B218A497D0035E516 /* DictionaryDecoder.framework */,
				D98C49A4218A497D0035E516 /* DictionaryDecoderTests.xctest */,
				D9B19678219ACB5500B13AC3 /* DictionaryDecoder.framework */,
				D9B19680219ACB5500B13AC3 /* DictionaryDecoderTests.xctest */,
			);
			name = Products;
			sourceTree = "<group>";
		};
		D98C499D218A497D0035E516 /* DictionaryDecoder */ = {
			isa = PBXGroup;
			children = (
				D98C499E218A497D0035E516 /* DictionaryDecoder.h */,
				D98C499F218A497D0035E516 /* Info.plist */,
				D9746B442222B012008F1FC6 /* Dictionary+Extension.swift */,
				D98C49B5218A49C50035E516 /* DictionaryDecoder.swift */,
				D98C49B6218A49C50035E516 /* DictionaryEncoder.swift */,
				D9228B1D21F527980063E8E3 /* NSUbiquitousKeyValueStore+Codable.swift */,
				D913F18521AB67E900B76B06 /* UserDefaults+Codable.swift */,
			);
			name = DictionaryDecoder;
			path = Sources;
			sourceTree = "<group>";
		};
		D98C49A8218A497D0035E516 /* DictionaryDecoderTests */ = {
			isa = PBXGroup;
			children = (
				D98C49AB218A497D0035E516 /* Info.plist */,
				D9746B472222B28F008F1FC6 /* Dictionary+ExtensionTests.swift */,
				D98C49B9218A49E20035E516 /* DictionaryDecoderTests.swift */,
				D98C49BA218A49E20035E516 /* DictionaryEncoderTests.swift */,
				D9228B2021F527A60063E8E3 /* NSUbiquitousKeyValueStore+CodableTests.swift */,
				D913F18821ABD6AD00B76B06 /* UserDefaults+CodableTests.swift */,
			);
			name = DictionaryDecoderTests;
			path = Tests;
			sourceTree = "<group>";
		};
/* End PBXGroup section */

/* Begin PBXHeadersBuildPhase section */
		D98C4996218A497D0035E516 /* Headers */ = {
			isa = PBXHeadersBuildPhase;
			buildActionMask = 2147483647;
			files = (
				D98C49AC218A497D0035E516 /* DictionaryDecoder.h in Headers */,
			);
			runOnlyForDeploymentPostprocessing = 0;
		};
		D9B19673219ACB5500B13AC3 /* Headers */ = {
			isa = PBXHeadersBuildPhase;
			buildActionMask = 2147483647;
			files = (
				D9B19693219ACDE200B13AC3 /* DictionaryDecoder.h in Headers */,
			);
			runOnlyForDeploymentPostprocessing = 0;
		};
/* End PBXHeadersBuildPhase section */

/* Begin PBXNativeTarget section */
		D98C499A218A497D0035E516 /* DictionaryDecoder */ = {
			isa = PBXNativeTarget;
			buildConfigurationList = D98C49AF218A497D0035E516 /* Build configuration list for PBXNativeTarget "DictionaryDecoder" */;
			buildPhases = (
				D98C4996218A497D0035E516 /* Headers */,
				D98C4997218A497D0035E516 /* Sources */,
				D98C4998218A497D0035E516 /* Frameworks */,
				D98C4999218A497D0035E516 /* Resources */,
			);
			buildRules = (
			);
			dependencies = (
			);
			name = DictionaryDecoder;
			productName = DictionaryDecoder;
			productReference = D98C499B218A497D0035E516 /* DictionaryDecoder.framework */;
			productType = "com.apple.product-type.framework";
		};
		D98C49A3218A497D0035E516 /* DictionaryDecoderTests */ = {
			isa = PBXNativeTarget;
			buildConfigurationList = D98C49B2218A497D0035E516 /* Build configuration list for PBXNativeTarget "DictionaryDecoderTests" */;
			buildPhases = (
				D98C49A0218A497D0035E516 /* Sources */,
				D98C49A1218A497D0035E516 /* Frameworks */,
				D98C49A2218A497D0035E516 /* Resources */,
			);
			buildRules = (
			);
			dependencies = (
				D98C49A7218A497D0035E516 /* PBXTargetDependency */,
			);
			name = DictionaryDecoderTests;
			productName = DictionaryDecoderTests;
			productReference = D98C49A4218A497D0035E516 /* DictionaryDecoderTests.xctest */;
			productType = "com.apple.product-type.bundle.unit-test";
		};
		D9B19677219ACB5500B13AC3 /* DictionaryDecoder-macOS */ = {
			isa = PBXNativeTarget;
			buildConfigurationList = D9B19689219ACB5500B13AC3 /* Build configuration list for PBXNativeTarget "DictionaryDecoder-macOS" */;
			buildPhases = (
				D9B19673219ACB5500B13AC3 /* Headers */,
				D9B19674219ACB5500B13AC3 /* Sources */,
				D9B19675219ACB5500B13AC3 /* Frameworks */,
				D9B19676219ACB5500B13AC3 /* Resources */,
			);
			buildRules = (
			);
			dependencies = (
			);
			name = "DictionaryDecoder-macOS";
			productName = "DictionaryDecoder-macOS";
			productReference = D9B19678219ACB5500B13AC3 /* DictionaryDecoder.framework */;
			productType = "com.apple.product-type.framework";
		};
		D9B1967F219ACB5500B13AC3 /* DictionaryDecoder-macOSTests */ = {
			isa = PBXNativeTarget;
			buildConfigurationList = D9B1968C219ACB5500B13AC3 /* Build configuration list for PBXNativeTarget "DictionaryDecoder-macOSTests" */;
			buildPhases = (
				D9B1967C219ACB5500B13AC3 /* Sources */,
				D9B1967D219ACB5500B13AC3 /* Frameworks */,
				D9B1967E219ACB5500B13AC3 /* Resources */,
			);
			buildRules = (
			);
			dependencies = (
				D9B19683219ACB5500B13AC3 /* PBXTargetDependency */,
			);
			name = "DictionaryDecoder-macOSTests";
			productName = "DictionaryDecoder-macOSTests";
			productReference = D9B19680219ACB5500B13AC3 /* DictionaryDecoderTests.xctest */;
			productType = "com.apple.product-type.bundle.unit-test";
		};
/* End PBXNativeTarget section */

/* Begin PBXProject section */
		D98C4992218A497D0035E516 /* Project object */ = {
			isa = PBXProject;
			attributes = {
				LastSwiftUpdateCheck = 1000;
				LastUpgradeCheck = 1000;
				ORGANIZATIONNAME = "WhileLoop Pty Ltd";
				TargetAttributes = {
					D98C499A218A497D0035E516 = {
						CreatedOnToolsVersion = 10.0;
						LastSwiftMigration = 1000;
					};
					D98C49A3218A497D0035E516 = {
						CreatedOnToolsVersion = 10.0;
						LastSwiftMigration = 1000;
					};
					D9B19677219ACB5500B13AC3 = {
						CreatedOnToolsVersion = 10.0;
					};
					D9B1967F219ACB5500B13AC3 = {
						CreatedOnToolsVersion = 10.0;
					};
				};
			};
			buildConfigurationList = D98C4995218A497D0035E516 /* Build configuration list for PBXProject "DictionaryDecoder" */;
			compatibilityVersion = "Xcode 9.3";
			developmentRegion = en;
			hasScannedForEncodings = 0;
			knownRegions = (
				en,
				Base,
			);
			mainGroup = D98C4991218A497D0035E516;
			productRefGroup = D98C499C218A497D0035E516 /* Products */;
			projectDirPath = "";
			projectRoot = "";
			targets = (
				D98C499A218A497D0035E516 /* DictionaryDecoder */,
				D98C49A3218A497D0035E516 /* DictionaryDecoderTests */,
				D9B19677219ACB5500B13AC3 /* DictionaryDecoder-macOS */,
				D9B1967F219ACB5500B13AC3 /* DictionaryDecoder-macOSTests */,
			);
		};
/* End PBXProject section */

/* Begin PBXResourcesBuildPhase section */
		D98C4999218A497D0035E516 /* Resources */ = {
			isa = PBXResourcesBuildPhase;
			buildActionMask = 2147483647;
			files = (
			);
			runOnlyForDeploymentPostprocessing = 0;
		};
		D98C49A2218A497D0035E516 /* Resources */ = {
			isa = PBXResourcesBuildPhase;
			buildActionMask = 2147483647;
			files = (
			);
			runOnlyForDeploymentPostprocessing = 0;
		};
		D9B19676219ACB5500B13AC3 /* Resources */ = {
			isa = PBXResourcesBuildPhase;
			buildActionMask = 2147483647;
			files = (
			);
			runOnlyForDeploymentPostprocessing = 0;
		};
		D9B1967E219ACB5500B13AC3 /* Resources */ = {
			isa = PBXResourcesBuildPhase;
			buildActionMask = 2147483647;
			files = (
			);
			runOnlyForDeploymentPostprocessing = 0;
		};
/* End PBXResourcesBuildPhase section */

/* Begin PBXSourcesBuildPhase section */
		D98C4997218A497D0035E516 /* Sources */ = {
			isa = PBXSourcesBuildPhase;
			buildActionMask = 2147483647;
			files = (
				D98C49B8218A49C50035E516 /* DictionaryEncoder.swift in Sources */,
				D9228B1E21F527980063E8E3 /* NSUbiquitousKeyValueStore+Codable.swift in Sources */,
				D9746B452222B012008F1FC6 /* Dictionary+Extension.swift in Sources */,
				D913F18621AB67E900B76B06 /* UserDefaults+Codable.swift in Sources */,
				D98C49B7218A49C50035E516 /* DictionaryDecoder.swift in Sources */,
			);
			runOnlyForDeploymentPostprocessing = 0;
		};
		D98C49A0218A497D0035E516 /* Sources */ = {
			isa = PBXSourcesBuildPhase;
			buildActionMask = 2147483647;
			files = (
				D9746B4A2222B2E3008F1FC6 /* Dictionary+ExtensionTests.swift in Sources */,
				D98C49BC218A49E20035E516 /* DictionaryEncoderTests.swift in Sources */,
				D9228B2321F527F40063E8E3 /* NSUbiquitousKeyValueStore+CodableTests.swift in Sources */,
				D913F18921ABD6AD00B76B06 /* UserDefaults+CodableTests.swift in Sources */,
				D98C49BB218A49E20035E516 /* DictionaryDecoderTests.swift in Sources */,
			);
			runOnlyForDeploymentPostprocessing = 0;
		};
		D9B19674219ACB5500B13AC3 /* Sources */ = {
			isa = PBXSourcesBuildPhase;
			buildActionMask = 2147483647;
			files = (
				D9B19690219ACB5C00B13AC3 /* DictionaryEncoder.swift in Sources */,
				D9228B1F21F527980063E8E3 /* NSUbiquitousKeyValueStore+Codable.swift in Sources */,
				D9746B462222B012008F1FC6 /* Dictionary+Extension.swift in Sources */,
				D913F18721AB67E900B76B06 /* UserDefaults+Codable.swift in Sources */,
				D9B1968F219ACB5C00B13AC3 /* DictionaryDecoder.swift in Sources */,
			);
			runOnlyForDeploymentPostprocessing = 0;
		};
		D9B1967C219ACB5500B13AC3 /* Sources */ = {
			isa = PBXSourcesBuildPhase;
			buildActionMask = 2147483647;
			files = (
				D9746B4B2222B2E3008F1FC6 /* Dictionary+ExtensionTests.swift in Sources */,
				D9B19692219ACD1E00B13AC3 /* DictionaryEncoderTests.swift in Sources */,
				D9228B2421F527F50063E8E3 /* NSUbiquitousKeyValueStore+CodableTests.swift in Sources */,
				D913F18A21ABD6AD00B76B06 /* UserDefaults+CodableTests.swift in Sources */,
				D9B19691219ACD1E00B13AC3 /* DictionaryDecoderTests.swift in Sources */,
			);
			runOnlyForDeploymentPostprocessing = 0;
		};
/* End PBXSourcesBuildPhase section */

/* Begin PBXTargetDependency section */
		D98C49A7218A497D0035E516 /* PBXTargetDependency */ = {
			isa = PBXTargetDependency;
			target = D98C499A218A497D0035E516 /* DictionaryDecoder */;
			targetProxy = D98C49A6218A497D0035E516 /* PBXContainerItemProxy */;
		};
		D9B19683219ACB5500B13AC3 /* PBXTargetDependency */ = {
			isa = PBXTargetDependency;
			target = D9B19677219ACB5500B13AC3 /* DictionaryDecoder-macOS */;
			targetProxy = D9B19682219ACB5500B13AC3 /* PBXContainerItemProxy */;
		};
/* End PBXTargetDependency section */

/* Begin XCBuildConfiguration section */
		D98C49AD218A497D0035E516 /* Debug */ = {
			isa = XCBuildConfiguration;
			buildSettings = {
				ALWAYS_SEARCH_USER_PATHS = NO;
				CLANG_ANALYZER_NONNULL = YES;
				CLANG_ANALYZER_NUMBER_OBJECT_CONVERSION = YES_AGGRESSIVE;
				CLANG_CXX_LANGUAGE_STANDARD = "gnu++14";
				CLANG_CXX_LIBRARY = "libc++";
				CLANG_ENABLE_MODULES = YES;
				CLANG_ENABLE_OBJC_ARC = YES;
				CLANG_ENABLE_OBJC_WEAK = YES;
				CLANG_WARN_BLOCK_CAPTURE_AUTORELEASING = YES;
				CLANG_WARN_BOOL_CONVERSION = YES;
				CLANG_WARN_COMMA = YES;
				CLANG_WARN_CONSTANT_CONVERSION = YES;
				CLANG_WARN_DEPRECATED_OBJC_IMPLEMENTATIONS = YES;
				CLANG_WARN_DIRECT_OBJC_ISA_USAGE = YES_ERROR;
				CLANG_WARN_DOCUMENTATION_COMMENTS = YES;
				CLANG_WARN_EMPTY_BODY = YES;
				CLANG_WARN_ENUM_CONVERSION = YES;
				CLANG_WARN_INFINITE_RECURSION = YES;
				CLANG_WARN_INT_CONVERSION = YES;
				CLANG_WARN_NON_LITERAL_NULL_CONVERSION = YES;
				CLANG_WARN_OBJC_IMPLICIT_RETAIN_SELF = YES;
				CLANG_WARN_OBJC_LITERAL_CONVERSION = YES;
				CLANG_WARN_OBJC_ROOT_CLASS = YES_ERROR;
				CLANG_WARN_RANGE_LOOP_ANALYSIS = YES;
				CLANG_WARN_STRICT_PROTOTYPES = YES;
				CLANG_WARN_SUSPICIOUS_MOVE = YES;
				CLANG_WARN_UNGUARDED_AVAILABILITY = YES_AGGRESSIVE;
				CLANG_WARN_UNREACHABLE_CODE = YES;
				CLANG_WARN__DUPLICATE_METHOD_MATCH = YES;
				CODE_SIGN_IDENTITY = "iPhone Developer";
				COPY_PHASE_STRIP = NO;
				CURRENT_PROJECT_VERSION = 1;
				DEBUG_INFORMATION_FORMAT = dwarf;
				ENABLE_STRICT_OBJC_MSGSEND = YES;
				ENABLE_TESTABILITY = YES;
				GCC_C_LANGUAGE_STANDARD = gnu11;
				GCC_DYNAMIC_NO_PIC = NO;
				GCC_NO_COMMON_BLOCKS = YES;
				GCC_OPTIMIZATION_LEVEL = 0;
				GCC_PREPROCESSOR_DEFINITIONS = (
					"DEBUG=1",
					"$(inherited)",
				);
				GCC_TREAT_WARNINGS_AS_ERRORS = YES;
				GCC_WARN_64_TO_32_BIT_CONVERSION = YES;
				GCC_WARN_ABOUT_RETURN_TYPE = YES_ERROR;
				GCC_WARN_INHIBIT_ALL_WARNINGS = YES;
				GCC_WARN_PEDANTIC = YES;
				GCC_WARN_UNDECLARED_SELECTOR = YES;
				GCC_WARN_UNINITIALIZED_AUTOS = YES_AGGRESSIVE;
				GCC_WARN_UNUSED_FUNCTION = YES;
				GCC_WARN_UNUSED_VARIABLE = YES;
				IPHONEOS_DEPLOYMENT_TARGET = 9.0;
				MTL_ENABLE_DEBUG_INFO = INCLUDE_SOURCE;
				MTL_FAST_MATH = YES;
				ONLY_ACTIVE_ARCH = YES;
				SDKROOT = iphoneos;
				SWIFT_ACTIVE_COMPILATION_CONDITIONS = DEBUG;
				SWIFT_OPTIMIZATION_LEVEL = "-Onone";
				SWIFT_TREAT_WARNINGS_AS_ERRORS = YES;
				VERSIONING_SYSTEM = "apple-generic";
				VERSION_INFO_PREFIX = "";
			};
			name = Debug;
		};
		D98C49AE218A497D0035E516 /* Release */ = {
			isa = XCBuildConfiguration;
			buildSettings = {
				ALWAYS_SEARCH_USER_PATHS = NO;
				CLANG_ANALYZER_NONNULL = YES;
				CLANG_ANALYZER_NUMBER_OBJECT_CONVERSION = YES_AGGRESSIVE;
				CLANG_CXX_LANGUAGE_STANDARD = "gnu++14";
				CLANG_CXX_LIBRARY = "libc++";
				CLANG_ENABLE_MODULES = YES;
				CLANG_ENABLE_OBJC_ARC = YES;
				CLANG_ENABLE_OBJC_WEAK = YES;
				CLANG_WARN_BLOCK_CAPTURE_AUTORELEASING = YES;
				CLANG_WARN_BOOL_CONVERSION = YES;
				CLANG_WARN_COMMA = YES;
				CLANG_WARN_CONSTANT_CONVERSION = YES;
				CLANG_WARN_DEPRECATED_OBJC_IMPLEMENTATIONS = YES;
				CLANG_WARN_DIRECT_OBJC_ISA_USAGE = YES_ERROR;
				CLANG_WARN_DOCUMENTATION_COMMENTS = YES;
				CLANG_WARN_EMPTY_BODY = YES;
				CLANG_WARN_ENUM_CONVERSION = YES;
				CLANG_WARN_INFINITE_RECURSION = YES;
				CLANG_WARN_INT_CONVERSION = YES;
				CLANG_WARN_NON_LITERAL_NULL_CONVERSION = YES;
				CLANG_WARN_OBJC_IMPLICIT_RETAIN_SELF = YES;
				CLANG_WARN_OBJC_LITERAL_CONVERSION = YES;
				CLANG_WARN_OBJC_ROOT_CLASS = YES_ERROR;
				CLANG_WARN_RANGE_LOOP_ANALYSIS = YES;
				CLANG_WARN_STRICT_PROTOTYPES = YES;
				CLANG_WARN_SUSPICIOUS_MOVE = YES;
				CLANG_WARN_UNGUARDED_AVAILABILITY = YES_AGGRESSIVE;
				CLANG_WARN_UNREACHABLE_CODE = YES;
				CLANG_WARN__DUPLICATE_METHOD_MATCH = YES;
				CODE_SIGN_IDENTITY = "iPhone Developer";
				COPY_PHASE_STRIP = NO;
				CURRENT_PROJECT_VERSION = 1;
				DEBUG_INFORMATION_FORMAT = "dwarf-with-dsym";
				ENABLE_NS_ASSERTIONS = NO;
				ENABLE_STRICT_OBJC_MSGSEND = YES;
				GCC_C_LANGUAGE_STANDARD = gnu11;
				GCC_NO_COMMON_BLOCKS = YES;
				GCC_TREAT_WARNINGS_AS_ERRORS = YES;
				GCC_WARN_64_TO_32_BIT_CONVERSION = YES;
				GCC_WARN_ABOUT_RETURN_TYPE = YES_ERROR;
				GCC_WARN_INHIBIT_ALL_WARNINGS = YES;
				GCC_WARN_PEDANTIC = YES;
				GCC_WARN_UNDECLARED_SELECTOR = YES;
				GCC_WARN_UNINITIALIZED_AUTOS = YES_AGGRESSIVE;
				GCC_WARN_UNUSED_FUNCTION = YES;
				GCC_WARN_UNUSED_VARIABLE = YES;
				IPHONEOS_DEPLOYMENT_TARGET = 9.0;
				MTL_ENABLE_DEBUG_INFO = NO;
				MTL_FAST_MATH = YES;
				SDKROOT = iphoneos;
				SWIFT_COMPILATION_MODE = wholemodule;
				SWIFT_OPTIMIZATION_LEVEL = "-O";
				SWIFT_TREAT_WARNINGS_AS_ERRORS = YES;
				VALIDATE_PRODUCT = YES;
				VERSIONING_SYSTEM = "apple-generic";
				VERSION_INFO_PREFIX = "";
			};
			name = Release;
		};
		D98C49B0218A497D0035E516 /* Debug */ = {
			isa = XCBuildConfiguration;
			buildSettings = {
				CLANG_ENABLE_MODULES = YES;
				CODE_SIGN_IDENTITY = "";
				CODE_SIGN_STYLE = Automatic;
				DEFINES_MODULE = YES;
				DEVELOPMENT_TEAM = C8TWBM2E6Q;
				DYLIB_COMPATIBILITY_VERSION = 1;
				DYLIB_CURRENT_VERSION = 1;
				DYLIB_INSTALL_NAME_BASE = "@rpath";
				INFOPLIST_FILE = Sources/Info.plist;
				INSTALL_PATH = "$(LOCAL_LIBRARY_DIR)/Frameworks";
				LD_RUNPATH_SEARCH_PATHS = (
					"$(inherited)",
					"@executable_path/Frameworks",
					"@loader_path/Frameworks",
				);
				PRODUCT_BUNDLE_IDENTIFIER = com.whileloop.DictionaryDecoder;
				PRODUCT_NAME = "$(TARGET_NAME:c99extidentifier)";
				SKIP_INSTALL = YES;
				SWIFT_OPTIMIZATION_LEVEL = "-Onone";
				SWIFT_VERSION = 4.2;
				TARGETED_DEVICE_FAMILY = "1,2";
			};
			name = Debug;
		};
		D98C49B1218A497D0035E516 /* Release */ = {
			isa = XCBuildConfiguration;
			buildSettings = {
				CLANG_ENABLE_MODULES = YES;
				CODE_SIGN_IDENTITY = "";
				CODE_SIGN_STYLE = Automatic;
				DEFINES_MODULE = YES;
				DEVELOPMENT_TEAM = C8TWBM2E6Q;
				DYLIB_COMPATIBILITY_VERSION = 1;
				DYLIB_CURRENT_VERSION = 1;
				DYLIB_INSTALL_NAME_BASE = "@rpath";
				INFOPLIST_FILE = Sources/Info.plist;
				INSTALL_PATH = "$(LOCAL_LIBRARY_DIR)/Frameworks";
				LD_RUNPATH_SEARCH_PATHS = (
					"$(inherited)",
					"@executable_path/Frameworks",
					"@loader_path/Frameworks",
				);
				PRODUCT_BUNDLE_IDENTIFIER = com.whileloop.DictionaryDecoder;
				PRODUCT_NAME = "$(TARGET_NAME:c99extidentifier)";
				SKIP_INSTALL = YES;
				SWIFT_VERSION = 4.2;
				TARGETED_DEVICE_FAMILY = "1,2";
			};
			name = Release;
		};
		D98C49B3218A497D0035E516 /* Debug */ = {
			isa = XCBuildConfiguration;
			buildSettings = {
				ALWAYS_EMBED_SWIFT_STANDARD_LIBRARIES = YES;
				CLANG_ENABLE_MODULES = YES;
				CODE_SIGN_STYLE = Automatic;
				DEVELOPMENT_TEAM = C8TWBM2E6Q;
				INFOPLIST_FILE = Tests/Info.plist;
				LD_RUNPATH_SEARCH_PATHS = (
					"$(inherited)",
					"@executable_path/Frameworks",
					"@loader_path/Frameworks",
				);
				PRODUCT_BUNDLE_IDENTIFIER = com.whileloop.DictionaryDecoderTests;
				PRODUCT_NAME = "$(TARGET_NAME)";
				SWIFT_OPTIMIZATION_LEVEL = "-Onone";
				SWIFT_VERSION = 4.2;
				TARGETED_DEVICE_FAMILY = "1,2";
			};
			name = Debug;
		};
		D98C49B4218A497D0035E516 /* Release */ = {
			isa = XCBuildConfiguration;
			buildSettings = {
				ALWAYS_EMBED_SWIFT_STANDARD_LIBRARIES = YES;
				CLANG_ENABLE_MODULES = YES;
				CODE_SIGN_STYLE = Automatic;
				DEVELOPMENT_TEAM = C8TWBM2E6Q;
				INFOPLIST_FILE = Tests/Info.plist;
				LD_RUNPATH_SEARCH_PATHS = (
					"$(inherited)",
					"@executable_path/Frameworks",
					"@loader_path/Frameworks",
				);
				PRODUCT_BUNDLE_IDENTIFIER = com.whileloop.DictionaryDecoderTests;
				PRODUCT_NAME = "$(TARGET_NAME)";
				SWIFT_VERSION = 4.2;
				TARGETED_DEVICE_FAMILY = "1,2";
			};
			name = Release;
		};
		D9B1968A219ACB5500B13AC3 /* Debug */ = {
			isa = XCBuildConfiguration;
			buildSettings = {
				CODE_SIGN_IDENTITY = "-";
				CODE_SIGN_STYLE = Automatic;
				COMBINE_HIDPI_IMAGES = YES;
				DEFINES_MODULE = YES;
				DEVELOPMENT_TEAM = C8TWBM2E6Q;
				DYLIB_COMPATIBILITY_VERSION = 1;
				DYLIB_CURRENT_VERSION = 1;
				DYLIB_INSTALL_NAME_BASE = "@rpath";
				FRAMEWORK_VERSION = A;
				INFOPLIST_FILE = Sources/Info.plist;
				INSTALL_PATH = "$(LOCAL_LIBRARY_DIR)/Frameworks";
				LD_RUNPATH_SEARCH_PATHS = (
					"$(inherited)",
					"@executable_path/../Frameworks",
					"@loader_path/Frameworks",
				);
				MACOSX_DEPLOYMENT_TARGET = 10.14;
				PRODUCT_BUNDLE_IDENTIFIER = "com.whileloop.DictionaryDecoder-macOS";
				PRODUCT_NAME = DictionaryDecoder;
				SDKROOT = macosx;
				SKIP_INSTALL = YES;
				SWIFT_VERSION = 4.2;
			};
			name = Debug;
		};
		D9B1968B219ACB5500B13AC3 /* Release */ = {
			isa = XCBuildConfiguration;
			buildSettings = {
				CODE_SIGN_IDENTITY = "-";
				CODE_SIGN_STYLE = Automatic;
				COMBINE_HIDPI_IMAGES = YES;
				DEFINES_MODULE = YES;
				DEVELOPMENT_TEAM = C8TWBM2E6Q;
				DYLIB_COMPATIBILITY_VERSION = 1;
				DYLIB_CURRENT_VERSION = 1;
				DYLIB_INSTALL_NAME_BASE = "@rpath";
				FRAMEWORK_VERSION = A;
				INFOPLIST_FILE = Sources/Info.plist;
				INSTALL_PATH = "$(LOCAL_LIBRARY_DIR)/Frameworks";
				LD_RUNPATH_SEARCH_PATHS = (
					"$(inherited)",
					"@executable_path/../Frameworks",
					"@loader_path/Frameworks",
				);
				MACOSX_DEPLOYMENT_TARGET = 10.14;
				PRODUCT_BUNDLE_IDENTIFIER = "com.whileloop.DictionaryDecoder-macOS";
				PRODUCT_NAME = DictionaryDecoder;
				SDKROOT = macosx;
				SKIP_INSTALL = YES;
				SWIFT_VERSION = 4.2;
			};
			name = Release;
		};
		D9B1968D219ACB5500B13AC3 /* Debug */ = {
			isa = XCBuildConfiguration;
			buildSettings = {
				ALWAYS_EMBED_SWIFT_STANDARD_LIBRARIES = YES;
				CODE_SIGN_IDENTITY = "-";
				CODE_SIGN_STYLE = Automatic;
				COMBINE_HIDPI_IMAGES = YES;
				DEVELOPMENT_TEAM = C8TWBM2E6Q;
				INFOPLIST_FILE = Tests/Info.plist;
				LD_RUNPATH_SEARCH_PATHS = (
					"$(inherited)",
					"@executable_path/../Frameworks",
					"@loader_path/../Frameworks",
				);
				MACOSX_DEPLOYMENT_TARGET = 10.14;
				PRODUCT_BUNDLE_IDENTIFIER = "com.whileloop.DictionaryDecoder-macOSTests";
				PRODUCT_NAME = DictionaryDecoderTests;
				SDKROOT = macosx;
				SWIFT_VERSION = 4.2;
			};
			name = Debug;
		};
		D9B1968E219ACB5500B13AC3 /* Release */ = {
			isa = XCBuildConfiguration;
			buildSettings = {
				ALWAYS_EMBED_SWIFT_STANDARD_LIBRARIES = YES;
				CODE_SIGN_IDENTITY = "-";
				CODE_SIGN_STYLE = Automatic;
				COMBINE_HIDPI_IMAGES = YES;
				DEVELOPMENT_TEAM = C8TWBM2E6Q;
				INFOPLIST_FILE = Tests/Info.plist;
				LD_RUNPATH_SEARCH_PATHS = (
					"$(inherited)",
					"@executable_path/../Frameworks",
					"@loader_path/../Frameworks",
				);
				MACOSX_DEPLOYMENT_TARGET = 10.14;
				PRODUCT_BUNDLE_IDENTIFIER = "com.whileloop.DictionaryDecoder-macOSTests";
				PRODUCT_NAME = DictionaryDecoderTests;
				SDKROOT = macosx;
				SWIFT_VERSION = 4.2;
			};
			name = Release;
		};
/* End XCBuildConfiguration section */

/* Begin XCConfigurationList section */
		D98C4995218A497D0035E516 /* Build configuration list for PBXProject "DictionaryDecoder" */ = {
			isa = XCConfigurationList;
			buildConfigurations = (
				D98C49AD218A497D0035E516 /* Debug */,
				D98C49AE218A497D0035E516 /* Release */,
			);
			defaultConfigurationIsVisible = 0;
			defaultConfigurationName = Release;
		};
		D98C49AF218A497D0035E516 /* Build configuration list for PBXNativeTarget "DictionaryDecoder" */ = {
			isa = XCConfigurationList;
			buildConfigurations = (
				D98C49B0218A497D0035E516 /* Debug */,
				D98C49B1218A497D0035E516 /* Release */,
			);
			defaultConfigurationIsVisible = 0;
			defaultConfigurationName = Release;
		};
		D98C49B2218A497D0035E516 /* Build configuration list for PBXNativeTarget "DictionaryDecoderTests" */ = {
			isa = XCConfigurationList;
			buildConfigurations = (
				D98C49B3218A497D0035E516 /* Debug */,
				D98C49B4218A497D0035E516 /* Release */,
			);
			defaultConfigurationIsVisible = 0;
			defaultConfigurationName = Release;
		};
		D9B19689219ACB5500B13AC3 /* Build configuration list for PBXNativeTarget "DictionaryDecoder-macOS" */ = {
			isa = XCConfigurationList;
			buildConfigurations = (
				D9B1968A219ACB5500B13AC3 /* Debug */,
				D9B1968B219ACB5500B13AC3 /* Release */,
			);
			defaultConfigurationIsVisible = 0;
			defaultConfigurationName = Release;
		};
		D9B1968C219ACB5500B13AC3 /* Build configuration list for PBXNativeTarget "DictionaryDecoder-macOSTests" */ = {
			isa = XCConfigurationList;
			buildConfigurations = (
				D9B1968D219ACB5500B13AC3 /* Debug */,
				D9B1968E219ACB5500B13AC3 /* Release */,
			);
			defaultConfigurationIsVisible = 0;
			defaultConfigurationName = Release;
		};
/* End XCConfigurationList section */
	};
	rootObject = D98C4992218A497D0035E516 /* Project object */;
}
